// !$*UTF8*$!
{
	archiveVersion = 1;
	classes = {
	};
	objectVersion = 56;
	objects = {

/* Begin PBXBuildFile section */
		31861DD4297FC3190006BD92 /* EasyTranslateApp.swift in Sources */ = {isa = PBXBuildFile; fileRef = 31861DD3297FC3190006BD92 /* EasyTranslateApp.swift */; };
		31861DD6297FC3190006BD92 /* ContentView.swift in Sources */ = {isa = PBXBuildFile; fileRef = 31861DD5297FC3190006BD92 /* ContentView.swift */; };
		31861DD8297FC31B0006BD92 /* Assets.xcassets in Resources */ = {isa = PBXBuildFile; fileRef = 31861DD7297FC31B0006BD92 /* Assets.xcassets */; };
		31861DDB297FC31B0006BD92 /* Preview Assets.xcassets in Resources */ = {isa = PBXBuildFile; fileRef = 31861DDA297FC31B0006BD92 /* Preview Assets.xcassets */; };
		31861DEF297FC9DD0006BD92 /* TranslationAPI.swift in Sources */ = {isa = PBXBuildFile; fileRef = 31861DEE297FC9DD0006BD92 /* TranslationAPI.swift */; };
		31861DF1297FCA680006BD92 /* TranslationManager.swift in Sources */ = {isa = PBXBuildFile; fileRef = 31861DF0297FCA680006BD92 /* TranslationManager.swift */; };
		31861DF3297FD1430006BD92 /* InputText.swift in Sources */ = {isa = PBXBuildFile; fileRef = 31861DF2297FD1430006BD92 /* InputText.swift */; };
		31861DF5297FD15F0006BD92 /* OutputText.swift in Sources */ = {isa = PBXBuildFile; fileRef = 31861DF4297FD15F0006BD92 /* OutputText.swift */; };
		31861DF7297FD2AA0006BD92 /* Component.swift in Sources */ = {isa = PBXBuildFile; fileRef = 31861DF6297FD2AA0006BD92 /* Component.swift */; };
		31861DF9297FD3770006BD92 /* LanguageModel.swift in Sources */ = {isa = PBXBuildFile; fileRef = 31861DF8297FD3770006BD92 /* LanguageModel.swift */; };
/* End PBXBuildFile section */

/* Begin PBXFileReference section */
		31861DD0297FC3190006BD92 /* EasyTranslate.app */ = {isa = PBXFileReference; explicitFileType = wrapper.application; includeInIndex = 0; path = EasyTranslate.app; sourceTree = BUILT_PRODUCTS_DIR; };
		31861DD3297FC3190006BD92 /* EasyTranslateApp.swift */ = {isa = PBXFileReference; lastKnownFileType = sourcecode.swift; path = EasyTranslateApp.swift; sourceTree = "<group>"; };
		31861DD5297FC3190006BD92 /* ContentView.swift */ = {isa = PBXFileReference; lastKnownFileType = sourcecode.swift; path = ContentView.swift; sourceTree = "<group>"; };
		31861DD7297FC31B0006BD92 /* Assets.xcassets */ = {isa = PBXFileReference; lastKnownFileType = folder.assetcatalog; path = Assets.xcassets; sourceTree = "<group>"; };
		31861DDA297FC31B0006BD92 /* Preview Assets.xcassets */ = {isa = PBXFileReference; lastKnownFileType = folder.assetcatalog; path = "Preview Assets.xcassets"; sourceTree = "<group>"; };
		31861DEE297FC9DD0006BD92 /* TranslationAPI.swift */ = {isa = PBXFileReference; lastKnownFileType = sourcecode.swift; path = TranslationAPI.swift; sourceTree = "<group>"; };
		31861DF0297FCA680006BD92 /* TranslationManager.swift */ = {isa = PBXFileReference; lastKnownFileType = sourcecode.swift; path = TranslationManager.swift; sourceTree = "<group>"; };
		31861DF2297FD1430006BD92 /* InputText.swift */ = {isa = PBXFileReference; lastKnownFileType = sourcecode.swift; path = InputText.swift; sourceTree = "<group>"; };
		31861DF4297FD15F0006BD92 /* OutputText.swift */ = {isa = PBXFileReference; lastKnownFileType = sourcecode.swift; path = OutputText.swift; sourceTree = "<group>"; };
		31861DF6297FD2AA0006BD92 /* Component.swift */ = {isa = PBXFileReference; lastKnownFileType = sourcecode.swift; path = Component.swift; sourceTree = "<group>"; };
		31861DF8297FD3770006BD92 /* LanguageModel.swift */ = {isa = PBXFileReference; lastKnownFileType = sourcecode.swift; path = LanguageModel.swift; sourceTree = "<group>"; };
/* End PBXFileReference section */

/* Begin PBXFrameworksBuildPhase section */
		31861DCD297FC3190006BD92 /* Frameworks */ = {
			isa = PBXFrameworksBuildPhase;
			buildActionMask = 2147483647;
			files = (
			);
			runOnlyForDeploymentPostprocessing = 0;
		};
/* End PBXFrameworksBuildPhase section */

/* Begin PBXGroup section */
		31861DC7297FC3190006BD92 = {
			isa = PBXGroup;
			children = (
				31861DD2297FC3190006BD92 /* EasyTranslate */,
				31861DD1297FC3190006BD92 /* Products */,
			);
			sourceTree = "<group>";
		};
		31861DD1297FC3190006BD92 /* Products */ = {
			isa = PBXGroup;
			children = (
				31861DD0297FC3190006BD92 /* EasyTranslate.app */,
			);
			name = Products;
			sourceTree = "<group>";
		};
		31861DD2297FC3190006BD92 /* EasyTranslate */ = {
			isa = PBXGroup;
			children = (
				31861DE4297FC4E80006BD92 /* Core */,
				31861DE3297FC4E20006BD92 /* Data */,
				31861DE2297FC4DA0006BD92 /* Presentation */,
				31861DE1297FC4D10006BD92 /* Domain */,
				31861DD3297FC3190006BD92 /* EasyTranslateApp.swift */,
				31861DD5297FC3190006BD92 /* ContentView.swift */,
				31861DD7297FC31B0006BD92 /* Assets.xcassets */,
				31861DD9297FC31B0006BD92 /* Preview Content */,
			);
			path = EasyTranslate;
			sourceTree = "<group>";
		};
		31861DD9297FC31B0006BD92 /* Preview Content */ = {
			isa = PBXGroup;
			children = (
				31861DDA297FC31B0006BD92 /* Preview Assets.xcassets */,
			);
			path = "Preview Content";
			sourceTree = "<group>";
		};
		31861DE1297FC4D10006BD92 /* Domain */ = {
			isa = PBXGroup;
			children = (
				31861DE7297FC5010006BD92 /* Model */,
				31861DE6297FC4F80006BD92 /* Repository */,
				31861DE5297FC4F00006BD92 /* UseCase */,
			);
			path = Domain;
			sourceTree = "<group>";
		};
		31861DE2297FC4DA0006BD92 /* Presentation */ = {
			isa = PBXGroup;
			children = (
				31861DE8297FC5E80006BD92 /* Translation */,
			);
			path = Presentation;
			sourceTree = "<group>";
		};
		31861DE3297FC4E20006BD92 /* Data */ = {
			isa = PBXGroup;
			children = (
				31861DEC297FC6240006BD92 /* DataSource */,
				31861DEB297FC61E0006BD92 /* Repository */,
			);
			path = Data;
			sourceTree = "<group>";
		};
		31861DE4297FC4E80006BD92 /* Core */ = {
			isa = PBXGroup;
			children = (
			);
			path = Core;
			sourceTree = "<group>";
		};
		31861DE5297FC4F00006BD92 /* UseCase */ = {
			isa = PBXGroup;
			children = (
			);
			path = UseCase;
			sourceTree = "<group>";
		};
		31861DE6297FC4F80006BD92 /* Repository */ = {
			isa = PBXGroup;
			children = (
			);
			path = Repository;
			sourceTree = "<group>";
		};
		31861DE7297FC5010006BD92 /* Model */ = {
			isa = PBXGroup;
			children = (
				31861DF8297FD3770006BD92 /* LanguageModel.swift */,
			);
			path = Model;
			sourceTree = "<group>";
		};
		31861DE8297FC5E80006BD92 /* Translation */ = {
			isa = PBXGroup;
			children = (
				31861DF6297FD2AA0006BD92 /* Component.swift */,
				31861DEA297FC6080006BD92 /* OutputText */,
				31861DE9297FC5F80006BD92 /* InputText */,
			);
			path = Translation;
			sourceTree = "<group>";
		};
		31861DE9297FC5F80006BD92 /* InputText */ = {
			isa = PBXGroup;
			children = (
				31861DF2297FD1430006BD92 /* InputText.swift */,
			);
			path = InputText;
			sourceTree = "<group>";
		};
		31861DEA297FC6080006BD92 /* OutputText */ = {
			isa = PBXGroup;
			children = (
				31861DF4297FD15F0006BD92 /* OutputText.swift */,
			);
			path = OutputText;
			sourceTree = "<group>";
		};
		31861DEB297FC61E0006BD92 /* Repository */ = {
			isa = PBXGroup;
			children = (
			);
			path = Repository;
			sourceTree = "<group>";
		};
		31861DEC297FC6240006BD92 /* DataSource */ = {
			isa = PBXGroup;
			children = (
				31861DED297FC6330006BD92 /* API */,
				31861DEE297FC9DD0006BD92 /* TranslationAPI.swift */,
				31861DF0297FCA680006BD92 /* TranslationManager.swift */,
			);
			path = DataSource;
			sourceTree = "<group>";
		};
		31861DED297FC6330006BD92 /* API */ = {
			isa = PBXGroup;
			children = (
			);
			path = API;
			sourceTree = "<group>";
		};
/* End PBXGroup section */

/* Begin PBXNativeTarget section */
		31861DCF297FC3190006BD92 /* EasyTranslate */ = {
			isa = PBXNativeTarget;
			buildConfigurationList = 31861DDE297FC31B0006BD92 /* Build configuration list for PBXNativeTarget "EasyTranslate" */;
			buildPhases = (
				31861DCC297FC3190006BD92 /* Sources */,
				31861DCD297FC3190006BD92 /* Frameworks */,
				31861DCE297FC3190006BD92 /* Resources */,
			);
			buildRules = (
			);
			dependencies = (
			);
			name = EasyTranslate;
			productName = EasyTranslate;
			productReference = 31861DD0297FC3190006BD92 /* EasyTranslate.app */;
			productType = "com.apple.product-type.application";
		};
/* End PBXNativeTarget section */

/* Begin PBXProject section */
		31861DC8297FC3190006BD92 /* Project object */ = {
			isa = PBXProject;
			attributes = {
				BuildIndependentTargetsInParallel = 1;
				LastSwiftUpdateCheck = 1400;
				LastUpgradeCheck = 1400;
				TargetAttributes = {
					31861DCF297FC3190006BD92 = {
						CreatedOnToolsVersion = 14.0;
					};
				};
			};
			buildConfigurationList = 31861DCB297FC3190006BD92 /* Build configuration list for PBXProject "EasyTranslate" */;
			compatibilityVersion = "Xcode 14.0";
			developmentRegion = en;
			hasScannedForEncodings = 0;
			knownRegions = (
				en,
				Base,
			);
			mainGroup = 31861DC7297FC3190006BD92;
			packageReferences = (
			);
			productRefGroup = 31861DD1297FC3190006BD92 /* Products */;
			projectDirPath = "";
			projectRoot = "";
			targets = (
				31861DCF297FC3190006BD92 /* EasyTranslate */,
			);
		};
/* End PBXProject section */

/* Begin PBXResourcesBuildPhase section */
		31861DCE297FC3190006BD92 /* Resources */ = {
			isa = PBXResourcesBuildPhase;
			buildActionMask = 2147483647;
			files = (
				31861DDB297FC31B0006BD92 /* Preview Assets.xcassets in Resources */,
				31861DD8297FC31B0006BD92 /* Assets.xcassets in Resources */,
			);
			runOnlyForDeploymentPostprocessing = 0;
		};
/* End PBXResourcesBuildPhase section */

/* Begin PBXSourcesBuildPhase section */
		31861DCC297FC3190006BD92 /* Sources */ = {
			isa = PBXSourcesBuildPhase;
			buildActionMask = 2147483647;
			files = (
				31861DD6297FC3190006BD92 /* ContentView.swift in Sources */,
				31861DF7297FD2AA0006BD92 /* Component.swift in Sources */,
				31861DF5297FD15F0006BD92 /* OutputText.swift in Sources */,
				31861DF9297FD3770006BD92 /* LanguageModel.swift in Sources */,
				31861DF1297FCA680006BD92 /* TranslationManager.swift in Sources */,
				31861DF3297FD1430006BD92 /* InputText.swift in Sources */,
				31861DEF297FC9DD0006BD92 /* TranslationAPI.swift in Sources */,
				31861DD4297FC3190006BD92 /* EasyTranslateApp.swift in Sources */,
			);
			runOnlyForDeploymentPostprocessing = 0;
		};
/* End PBXSourcesBuildPhase section */

/* Begin XCBuildConfiguration section */
		31861DDC297FC31B0006BD92 /* Debug */ = {
			isa = XCBuildConfiguration;
			buildSettings = {
				ALWAYS_SEARCH_USER_PATHS = NO;
				CLANG_ANALYZER_NONNULL = YES;
				CLANG_ANALYZER_NUMBER_OBJECT_CONVERSION = YES_AGGRESSIVE;
				CLANG_CXX_LANGUAGE_STANDARD = "gnu++20";
				CLANG_ENABLE_MODULES = YES;
				CLANG_ENABLE_OBJC_ARC = YES;
				CLANG_ENABLE_OBJC_WEAK = YES;
				CLANG_WARN_BLOCK_CAPTURE_AUTORELEASING = YES;
				CLANG_WARN_BOOL_CONVERSION = YES;
				CLANG_WARN_COMMA = YES;
				CLANG_WARN_CONSTANT_CONVERSION = YES;
				CLANG_WARN_DEPRECATED_OBJC_IMPLEMENTATIONS = YES;
				CLANG_WARN_DIRECT_OBJC_ISA_USAGE = YES_ERROR;
				CLANG_WARN_DOCUMENTATION_COMMENTS = YES;
				CLANG_WARN_EMPTY_BODY = YES;
				CLANG_WARN_ENUM_CONVERSION = YES;
				CLANG_WARN_INFINITE_RECURSION = YES;
				CLANG_WARN_INT_CONVERSION = YES;
				CLANG_WARN_NON_LITERAL_NULL_CONVERSION = YES;
				CLANG_WARN_OBJC_IMPLICIT_RETAIN_SELF = YES;
				CLANG_WARN_OBJC_LITERAL_CONVERSION = YES;
				CLANG_WARN_OBJC_ROOT_CLASS = YES_ERROR;
				CLANG_WARN_QUOTED_INCLUDE_IN_FRAMEWORK_HEADER = YES;
				CLANG_WARN_RANGE_LOOP_ANALYSIS = YES;
				CLANG_WARN_STRICT_PROTOTYPES = YES;
				CLANG_WARN_SUSPICIOUS_MOVE = YES;
				CLANG_WARN_UNGUARDED_AVAILABILITY = YES_AGGRESSIVE;
				CLANG_WARN_UNREACHABLE_CODE = YES;
				CLANG_WARN__DUPLICATE_METHOD_MATCH = YES;
				COPY_PHASE_STRIP = NO;
				DEBUG_INFORMATION_FORMAT = dwarf;
				ENABLE_STRICT_OBJC_MSGSEND = YES;
				ENABLE_TESTABILITY = YES;
				GCC_C_LANGUAGE_STANDARD = gnu11;
				GCC_DYNAMIC_NO_PIC = NO;
				GCC_NO_COMMON_BLOCKS = YES;
				GCC_OPTIMIZATION_LEVEL = 0;
				GCC_PREPROCESSOR_DEFINITIONS = (
					"DEBUG=1",
					"$(inherited)",
				);
				GCC_WARN_64_TO_32_BIT_CONVERSION = YES;
				GCC_WARN_ABOUT_RETURN_TYPE = YES_ERROR;
				GCC_WARN_UNDECLARED_SELECTOR = YES;
				GCC_WARN_UNINITIALIZED_AUTOS = YES_AGGRESSIVE;
				GCC_WARN_UNUSED_FUNCTION = YES;
				GCC_WARN_UNUSED_VARIABLE = YES;
				IPHONEOS_DEPLOYMENT_TARGET = 16.0;
				MTL_ENABLE_DEBUG_INFO = INCLUDE_SOURCE;
				MTL_FAST_MATH = YES;
				ONLY_ACTIVE_ARCH = YES;
				SDKROOT = iphoneos;
				SWIFT_ACTIVE_COMPILATION_CONDITIONS = DEBUG;
				SWIFT_OPTIMIZATION_LEVEL = "-Onone";
			};
			name = Debug;
		};
		31861DDD297FC31B0006BD92 /* Release */ = {
			isa = XCBuildConfiguration;
			buildSettings = {
				ALWAYS_SEARCH_USER_PATHS = NO;
				CLANG_ANALYZER_NONNULL = YES;
				CLANG_ANALYZER_NUMBER_OBJECT_CONVERSION = YES_AGGRESSIVE;
				CLANG_CXX_LANGUAGE_STANDARD = "gnu++20";
				CLANG_ENABLE_MODULES = YES;
				CLANG_ENABLE_OBJC_ARC = YES;
				CLANG_ENABLE_OBJC_WEAK = YES;
				CLANG_WARN_BLOCK_CAPTURE_AUTORELEASING = YES;
				CLANG_WARN_BOOL_CONVERSION = YES;
				CLANG_WARN_COMMA = YES;
				CLANG_WARN_CONSTANT_CONVERSION = YES;
				CLANG_WARN_DEPRECATED_OBJC_IMPLEMENTATIONS = YES;
				CLANG_WARN_DIRECT_OBJC_ISA_USAGE = YES_ERROR;
				CLANG_WARN_DOCUMENTATION_COMMENTS = YES;
				CLANG_WARN_EMPTY_BODY = YES;
				CLANG_WARN_ENUM_CONVERSION = YES;
				CLANG_WARN_INFINITE_RECURSION = YES;
				CLANG_WARN_INT_CONVERSION = YES;
				CLANG_WARN_NON_LITERAL_NULL_CONVERSION = YES;
				CLANG_WARN_OBJC_IMPLICIT_RETAIN_SELF = YES;
				CLANG_WARN_OBJC_LITERAL_CONVERSION = YES;
				CLANG_WARN_OBJC_ROOT_CLASS = YES_ERROR;
				CLANG_WARN_QUOTED_INCLUDE_IN_FRAMEWORK_HEADER = YES;
				CLANG_WARN_RANGE_LOOP_ANALYSIS = YES;
				CLANG_WARN_STRICT_PROTOTYPES = YES;
				CLANG_WARN_SUSPICIOUS_MOVE = YES;
				CLANG_WARN_UNGUARDED_AVAILABILITY = YES_AGGRESSIVE;
				CLANG_WARN_UNREACHABLE_CODE = YES;
				CLANG_WARN__DUPLICATE_METHOD_MATCH = YES;
				COPY_PHASE_STRIP = NO;
				DEBUG_INFORMATION_FORMAT = "dwarf-with-dsym";
				ENABLE_NS_ASSERTIONS = NO;
				ENABLE_STRICT_OBJC_MSGSEND = YES;
				GCC_C_LANGUAGE_STANDARD = gnu11;
				GCC_NO_COMMON_BLOCKS = YES;
				GCC_WARN_64_TO_32_BIT_CONVERSION = YES;
				GCC_WARN_ABOUT_RETURN_TYPE = YES_ERROR;
				GCC_WARN_UNDECLARED_SELECTOR = YES;
				GCC_WARN_UNINITIALIZED_AUTOS = YES_AGGRESSIVE;
				GCC_WARN_UNUSED_FUNCTION = YES;
				GCC_WARN_UNUSED_VARIABLE = YES;
				IPHONEOS_DEPLOYMENT_TARGET = 16.0;
				MTL_ENABLE_DEBUG_INFO = NO;
				MTL_FAST_MATH = YES;
				SDKROOT = iphoneos;
				SWIFT_COMPILATION_MODE = wholemodule;
				SWIFT_OPTIMIZATION_LEVEL = "-O";
				VALIDATE_PRODUCT = YES;
			};
			name = Release;
		};
		31861DDF297FC31B0006BD92 /* Debug */ = {
			isa = XCBuildConfiguration;
			buildSettings = {
				ASSETCATALOG_COMPILER_APPICON_NAME = AppIcon;
				ASSETCATALOG_COMPILER_GLOBAL_ACCENT_COLOR_NAME = AccentColor;
				CODE_SIGN_STYLE = Automatic;
				CURRENT_PROJECT_VERSION = 1;
				DEVELOPMENT_ASSET_PATHS = "";
				DEVELOPMENT_TEAM = K9GWP4HDAT;
				ENABLE_PREVIEWS = YES;
				GENERATE_INFOPLIST_FILE = YES;
				INFOPLIST_KEY_UIApplicationSceneManifest_Generation = YES;
				INFOPLIST_KEY_UIApplicationSupportsIndirectInputEvents = YES;
				INFOPLIST_KEY_UILaunchScreen_Generation = YES;
				INFOPLIST_KEY_UISupportedInterfaceOrientations_iPad = "UIInterfaceOrientationPortrait UIInterfaceOrientationPortraitUpsideDown UIInterfaceOrientationLandscapeLeft UIInterfaceOrientationLandscapeRight";
				INFOPLIST_KEY_UISupportedInterfaceOrientations_iPhone = "UIInterfaceOrientationPortrait UIInterfaceOrientationLandscapeLeft UIInterfaceOrientationLandscapeRight";
				LD_RUNPATH_SEARCH_PATHS = (
					"$(inherited)",
					"@executable_path/Frameworks",
				);
				MARKETING_VERSION = 1.0;
				PRODUCT_BUNDLE_IDENTIFIER = Apollon.EasyTranslate;
				PRODUCT_NAME = "$(TARGET_NAME)";
				SWIFT_EMIT_LOC_STRINGS = YES;
				SWIFT_VERSION = 5.0;
				TARGETED_DEVICE_FAMILY = "1,2";
			};
			name = Debug;
		};
		31861DE0297FC31B0006BD92 /* Release */ = {
			isa = XCBuildConfiguration;
			buildSettings = {
				ASSETCATALOG_COMPILER_APPICON_NAME = AppIcon;
				ASSETCATALOG_COMPILER_GLOBAL_ACCENT_COLOR_NAME = AccentColor;
				CODE_SIGN_STYLE = Automatic;
				CURRENT_PROJECT_VERSION = 1;
				DEVELOPMENT_ASSET_PATHS = "";
				DEVELOPMENT_TEAM = K9GWP4HDAT;
				ENABLE_PREVIEWS = YES;
				GENERATE_INFOPLIST_FILE = YES;
				INFOPLIST_KEY_UIApplicationSceneManifest_Generation = YES;
				INFOPLIST_KEY_UIApplicationSupportsIndirectInputEvents = YES;
				INFOPLIST_KEY_UILaunchScreen_Generation = YES;
				INFOPLIST_KEY_UISupportedInterfaceOrientations_iPad = "UIInterfaceOrientationPortrait UIInterfaceOrientationPortraitUpsideDown UIInterfaceOrientationLandscapeLeft UIInterfaceOrientationLandscapeRight";
				INFOPLIST_KEY_UISupportedInterfaceOrientations_iPhone = "UIInterfaceOrientationPortrait UIInterfaceOrientationLandscapeLeft UIInterfaceOrientationLandscapeRight";
				LD_RUNPATH_SEARCH_PATHS = (
					"$(inherited)",
					"@executable_path/Frameworks",
				);
				MARKETING_VERSION = 1.0;
				PRODUCT_BUNDLE_IDENTIFIER = Apollon.EasyTranslate;
				PRODUCT_NAME = "$(TARGET_NAME)";
				SWIFT_EMIT_LOC_STRINGS = YES;
				SWIFT_VERSION = 5.0;
				TARGETED_DEVICE_FAMILY = "1,2";
			};
			name = Release;
		};
/* End XCBuildConfiguration section */

/* Begin XCConfigurationList section */
		31861DCB297FC3190006BD92 /* Build configuration list for PBXProject "EasyTranslate" */ = {
			isa = XCConfigurationList;
			buildConfigurations = (
				31861DDC297FC31B0006BD92 /* Debug */,
				31861DDD297FC31B0006BD92 /* Release */,
			);
			defaultConfigurationIsVisible = 0;
			defaultConfigurationName = Release;
		};
		31861DDE297FC31B0006BD92 /* Build configuration list for PBXNativeTarget "EasyTranslate" */ = {
			isa = XCConfigurationList;
			buildConfigurations = (
				31861DDF297FC31B0006BD92 /* Debug */,
				31861DE0297FC31B0006BD92 /* Release */,
			);
			defaultConfigurationIsVisible = 0;
			defaultConfigurationName = Release;
		};
/* End XCConfigurationList section */
	};
	rootObject = 31861DC8297FC3190006BD92 /* Project object */;
}
